
Microsoft Visual Studio Solution File, Format Version 12.00
# Visual Studio Version 17
VisualStudioVersion = 17.14.36221.1
MinimumVisualStudioVersion = 10.0.40219.1
Project("{FAE04EC0-301F-11D3-BF4B-00C04F79EFBC}") = "Savanna.ConsoleUI", "Savanna\Savanna.ConsoleUI.csproj", "{D06B7780-6AF1-46D0-938B-5EEB42A810DD}"
EndProject
Project("{FAE04EC0-301F-11D3-BF4B-00C04F79EFBC}") = "Savanna.Logic", "Savanna.Logic\Savanna.Logic.csproj", "{8397EF3F-DF17-44B2-A602-E71610772D75}"
EndProject
Project("{FAE04EC0-301F-11D3-BF4B-00C04F79EFBC}") = "Savanna.Tests", "Savanna.Tests\Savanna.Tests.csproj", "{F5FC18BE-F44E-42CA-BA06-F7F95BE80EF5}"
EndProject
Project("{FAE04EC0-301F-11D3-BF4B-00C04F79EFBC}") = "LionPlugin", "LionPlugin\LionPlugin.csproj", "{DDA784BC-D9A9-4F2A-8727-C70DF5C04227}"
EndProject
Project("{FAE04EC0-301F-11D3-BF4B-00C04F79EFBC}") = "AntelopePlugin", "AntelopePlugin\AntelopePlugin.csproj", "{5B398B7B-C79D-47E8-B524-EB51B35A4336}"
EndProject
Project("{FAE04EC0-301F-11D3-BF4B-00C04F79EFBC}") = "Savanna.WebUI", "Savanna.WebUI\Savanna.WebUI.csproj", "{1273837C-80B6-B910-9126-22D636D19158}"
EndProject
Global
	GlobalSection(SolutionConfigurationPlatforms) = preSolution
		Debug|Any CPU = Debug|Any CPU
		Release|Any CPU = Release|Any CPU
	EndGlobalSection
	GlobalSection(ProjectConfigurationPlatforms) = postSolution
		{D06B7780-6AF1-46D0-938B-5EEB42A810DD}.Debug|Any CPU.ActiveCfg = Debug|Any CPU
		{D06B7780-6AF1-46D0-938B-5EEB42A810DD}.Debug|Any CPU.Build.0 = Debug|Any CPU
		{D06B7780-6AF1-46D0-938B-5EEB42A810DD}.Release|Any CPU.ActiveCfg = Release|Any CPU
		{D06B7780-6AF1-46D0-938B-5EEB42A810DD}.Release|Any CPU.Build.0 = Release|Any CPU
		{8397EF3F-DF17-44B2-A602-E71610772D75}.Debug|Any CPU.ActiveCfg = Debug|Any CPU
		{8397EF3F-DF17-44B2-A602-E71610772D75}.Debug|Any CPU.Build.0 = Debug|Any CPU
		{8397EF3F-DF17-44B2-A602-E71610772D75}.Release|Any CPU.ActiveCfg = Release|Any CPU
		{8397EF3F-DF17-44B2-A602-E71610772D75}.Release|Any CPU.Build.0 = Release|Any CPU
		{F5FC18BE-F44E-42CA-BA06-F7F95BE80EF5}.Debug|Any CPU.ActiveCfg = Debug|Any CPU
		{F5FC18BE-F44E-42CA-BA06-F7F95BE80EF5}.Debug|Any CPU.Build.0 = Debug|Any CPU
		{F5FC18BE-F44E-42CA-BA06-F7F95BE80EF5}.Release|Any CPU.ActiveCfg = Release|Any CPU
		{F5FC18BE-F44E-42CA-BA06-F7F95BE80EF5}.Release|Any CPU.Build.0 = Release|Any CPU
		{DDA784BC-D9A9-4F2A-8727-C70DF5C04227}.Debug|Any CPU.ActiveCfg = Debug|Any CPU
		{DDA784BC-D9A9-4F2A-8727-C70DF5C04227}.Debug|Any CPU.Build.0 = Debug|Any CPU
		{DDA784BC-D9A9-4F2A-8727-C70DF5C04227}.Release|Any CPU.ActiveCfg = Release|Any CPU
		{DDA784BC-D9A9-4F2A-8727-C70DF5C04227}.Release|Any CPU.Build.0 = Release|Any CPU
		{5B398B7B-C79D-47E8-B524-EB51B35A4336}.Debug|Any CPU.ActiveCfg = Debug|Any CPU
		{5B398B7B-C79D-47E8-B524-EB51B35A4336}.Debug|Any CPU.Build.0 = Debug|Any CPU
		{5B398B7B-C79D-47E8-B524-EB51B35A4336}.Release|Any CPU.ActiveCfg = Release|Any CPU
		{5B398B7B-C79D-47E8-B524-EB51B35A4336}.Release|Any CPU.Build.0 = Release|Any CPU
		{1273837C-80B6-B910-9126-22D636D19158}.Debug|Any CPU.ActiveCfg = Debug|Any CPU
		{1273837C-80B6-B910-9126-22D636D19158}.Debug|Any CPU.Build.0 = Debug|Any CPU
		{1273837C-80B6-B910-9126-22D636D19158}.Release|Any CPU.ActiveCfg = Release|Any CPU
		{1273837C-80B6-B910-9126-22D636D19158}.Release|Any CPU.Build.0 = Release|Any CPU
	EndGlobalSection
	GlobalSection(SolutionProperties) = preSolution
		HideSolutionNode = FALSE
	EndGlobalSection
	GlobalSection(ExtensibilityGlobals) = postSolution
		SolutionGuid = {F23C9799-EC6E-4EA0-9D2C-1E4E40CB726D}
	EndGlobalSection
EndGlobal
